
Microsoft Visual Studio Solution File, Format Version 12.00
# Visual Studio 2013
VisualStudioVersion = 12.0.31101.0
MinimumVisualStudioVersion = 10.0.40219.1
Project("{FAE04EC0-301F-11D3-BF4B-00C04F79EFBC}") = "LeedsHack", "LeedsHack\LeedsHack.csproj", "{CEF09BE6-A2C3-4939-A13B-6A1EA4747655}"
EndProject
Global
	GlobalSection(SolutionConfigurationPlatforms) = preSolution
		Debug|Any CPU = Debug|Any CPU
		Release|Any CPU = Release|Any CPU
	EndGlobalSection
	GlobalSection(ProjectConfigurationPlatforms) = postSolution
		{CEF09BE6-A2C3-4939-A13B-6A1EA4747655}.Debug|Any CPU.ActiveCfg = Debug|Any CPU
		{CEF09BE6-A2C3-4939-A13B-6A1EA4747655}.Debug|Any CPU.Build.0 = Debug|Any CPU
		{CEF09BE6-A2C3-4939-A13B-6A1EA4747655}.Release|Any CPU.ActiveCfg = Release|Any CPU
		{CEF09BE6-A2C3-4939-A13B-6A1EA4747655}.Release|Any CPU.Build.0 = Release|Any CPU
	EndGlobalSection
	GlobalSection(SolutionProperties) = preSolution
		HideSolutionNode = FALSE
	EndGlobalSection
EndGlobal
